
Microsoft Visual Studio Solution File, Format Version 12.00
# Visual Studio 15
VisualStudioVersion = 15.0.27703.2042
MinimumVisualStudioVersion = 10.0.40219.1
Project("{8BC9CEB8-8B4A-11D0-8D11-00A0C91BC942}") = "csis112Lab3", "csis112Lab3\csis112Lab3.vcxproj", "{D72905A9-F9F7-477C-A209-09D39833F0A8}"
EndProject
Global
	GlobalSection(SolutionConfigurationPlatforms) = preSolution
		Debug|x64 = Debug|x64
		Debug|x86 = Debug|x86
		Release|x64 = Release|x64
		Release|x86 = Release|x86
	EndGlobalSection
	GlobalSection(ProjectConfigurationPlatforms) = postSolution
		{D72905A9-F9F7-477C-A209-09D39833F0A8}.Debug|x64.ActiveCfg = Debug|x64
		{D72905A9-F9F7-477C-A209-09D39833F0A8}.Debug|x64.Build.0 = Debug|x64
		{D72905A9-F9F7-477C-A209-09D39833F0A8}.Debug|x86.ActiveCfg = Debug|Win32
		{D72905A9-F9F7-477C-A209-09D39833F0A8}.Debug|x86.Build.0 = Debug|Win32
		{D72905A9-F9F7-477C-A209-09D39833F0A8}.Release|x64.ActiveCfg = Release|x64
		{D72905A9-F9F7-477C-A209-09D39833F0A8}.Release|x64.Build.0 = Release|x64
		{D72905A9-F9F7-477C-A209-09D39833F0A8}.Release|x86.ActiveCfg = Release|Win32
		{D72905A9-F9F7-477C-A209-09D39833F0A8}.Release|x86.Build.0 = Release|Win32
	EndGlobalSection
	GlobalSection(SolutionProperties) = preSolution
		HideSolutionNode = FALSE
	EndGlobalSection
	GlobalSection(ExtensibilityGlobals) = postSolution
		SolutionGuid = {4645CAC0-D66A-41E2-A744-4D6694A1EA7C}
	EndGlobalSection
EndGlobal
